
Microsoft Visual Studio Solution File, Format Version 12.00
# Visual Studio Version 17
VisualStudioVersion = 17.2.32526.322
MinimumVisualStudioVersion = 10.0.40219.1
Project("{9A19103F-16F7-4668-BE54-9A1E7A4F7556}") = "JukaBlockchain", "JukaBlockchain\JukaBlockchain.csproj", "{119E3E0A-DD7A-4C33-A7FF-379F4266E6D1}"
EndProject
Global
	GlobalSection(SolutionConfigurationPlatforms) = preSolution
		Debug|Any CPU = Debug|Any CPU
		Release|Any CPU = Release|Any CPU
	EndGlobalSection
	GlobalSection(ProjectConfigurationPlatforms) = postSolution
		{119E3E0A-DD7A-4C33-A7FF-379F4266E6D1}.Debug|Any CPU.ActiveCfg = Debug|Any CPU
		{119E3E0A-DD7A-4C33-A7FF-379F4266E6D1}.Debug|Any CPU.Build.0 = Debug|Any CPU
		{119E3E0A-DD7A-4C33-A7FF-379F4266E6D1}.Release|Any CPU.ActiveCfg = Release|Any CPU
		{119E3E0A-DD7A-4C33-A7FF-379F4266E6D1}.Release|Any CPU.Build.0 = Release|Any CPU
	EndGlobalSection
	GlobalSection(SolutionProperties) = preSolution
		HideSolutionNode = FALSE
	EndGlobalSection
	GlobalSection(ExtensibilityGlobals) = postSolution
		SolutionGuid = {A97F20D2-1C15-474A-BAC9-1B72BD57FEEA}
	EndGlobalSection
EndGlobal
